
Microsoft Visual Studio Solution File, Format Version 12.00
# Visual Studio Version 17
VisualStudioVersion = 17.2.32526.322
MinimumVisualStudioVersion = 10.0.40219.1
Project("{FAE04EC0-301F-11D3-BF4B-00C04F79EFBC}") = "ConcurrentCollections", "ConcurrentCollections\ConcurrentCollections.csproj", "{B418F83F-4842-4271-AB85-F8E58AD25C65}"
EndProject
Global
	GlobalSection(SolutionConfigurationPlatforms) = preSolution
		Debug|Any CPU = Debug|Any CPU
		Release|Any CPU = Release|Any CPU
	EndGlobalSection
	GlobalSection(ProjectConfigurationPlatforms) = postSolution
		{B418F83F-4842-4271-AB85-F8E58AD25C65}.Debug|Any CPU.ActiveCfg = Debug|Any CPU
		{B418F83F-4842-4271-AB85-F8E58AD25C65}.Debug|Any CPU.Build.0 = Debug|Any CPU
		{B418F83F-4842-4271-AB85-F8E58AD25C65}.Release|Any CPU.ActiveCfg = Release|Any CPU
		{B418F83F-4842-4271-AB85-F8E58AD25C65}.Release|Any CPU.Build.0 = Release|Any CPU
	EndGlobalSection
	GlobalSection(SolutionProperties) = preSolution
		HideSolutionNode = FALSE
	EndGlobalSection
	GlobalSection(ExtensibilityGlobals) = postSolution
		SolutionGuid = {54E32606-6BFA-436F-8E06-AE3ECEA34D6D}
	EndGlobalSection
EndGlobal
